
Microsoft Visual Studio Solution File, Format Version 12.00
# Visual Studio Version 17
VisualStudioVersion = 17.2.32630.192
MinimumVisualStudioVersion = 10.0.40219.1
Project("{FAE04EC0-301F-11D3-BF4B-00C04F79EFBC}") = "JwtPOC", "JwtPOC.csproj", "{2E7DC1C9-8CB4-4769-A923-6154B34969DA}"
EndProject
Global
	GlobalSection(SolutionConfigurationPlatforms) = preSolution
		Debug|Any CPU = Debug|Any CPU
		Release|Any CPU = Release|Any CPU
	EndGlobalSection
	GlobalSection(ProjectConfigurationPlatforms) = postSolution
		{2E7DC1C9-8CB4-4769-A923-6154B34969DA}.Debug|Any CPU.ActiveCfg = Debug|Any CPU
		{2E7DC1C9-8CB4-4769-A923-6154B34969DA}.Debug|Any CPU.Build.0 = Debug|Any CPU
		{2E7DC1C9-8CB4-4769-A923-6154B34969DA}.Release|Any CPU.ActiveCfg = Release|Any CPU
		{2E7DC1C9-8CB4-4769-A923-6154B34969DA}.Release|Any CPU.Build.0 = Release|Any CPU
	EndGlobalSection
	GlobalSection(SolutionProperties) = preSolution
		HideSolutionNode = FALSE
	EndGlobalSection
	GlobalSection(ExtensibilityGlobals) = postSolution
		SolutionGuid = {5F3DD310-57BC-477C-A99C-08E961B5F3CE}
	EndGlobalSection
EndGlobal
