
Microsoft Visual Studio Solution File, Format Version 12.00
# Visual Studio Version 17
VisualStudioVersion = 17.10.35027.167
MinimumVisualStudioVersion = 10.0.40219.1
Project("{FAE04EC0-301F-11D3-BF4B-00C04F79EFBC}") = "ExperimentWithControl", "ExperimentWithControl\ExperimentWithControl.csproj", "{FEDF5F73-474C-4D45-8CB9-6E1F3B75468B}"
EndProject
Global
	GlobalSection(SolutionConfigurationPlatforms) = preSolution
		Debug|Any CPU = Debug|Any CPU
		Release|Any CPU = Release|Any CPU
	EndGlobalSection
	GlobalSection(ProjectConfigurationPlatforms) = postSolution
		{FEDF5F73-474C-4D45-8CB9-6E1F3B75468B}.Debug|Any CPU.ActiveCfg = Debug|Any CPU
		{FEDF5F73-474C-4D45-8CB9-6E1F3B75468B}.Debug|Any CPU.Build.0 = Debug|Any CPU
		{FEDF5F73-474C-4D45-8CB9-6E1F3B75468B}.Release|Any CPU.ActiveCfg = Release|Any CPU
		{FEDF5F73-474C-4D45-8CB9-6E1F3B75468B}.Release|Any CPU.Build.0 = Release|Any CPU
	EndGlobalSection
	GlobalSection(SolutionProperties) = preSolution
		HideSolutionNode = FALSE
	EndGlobalSection
	GlobalSection(ExtensibilityGlobals) = postSolution
		SolutionGuid = {8745745B-5D3A-4B0B-9D4D-D867FC6B1A8D}
	EndGlobalSection
EndGlobal
