
Microsoft Visual Studio Solution File, Format Version 12.00
# Visual Studio Version 16
VisualStudioVersion = 16.0.28917.181
MinimumVisualStudioVersion = 10.0.40219.1
Project("{9A19103F-16F7-4668-BE54-9A1E7A4F7556}") = "ByteBank", "01-ByteBank\ByteBank.csproj", "{94F33F31-D894-4F2E-AC01-EE64072A9262}"
EndProject
Global
	GlobalSection(SolutionConfigurationPlatforms) = preSolution
		Debug|Any CPU = Debug|Any CPU
		Release|Any CPU = Release|Any CPU
	EndGlobalSection
	GlobalSection(ProjectConfigurationPlatforms) = postSolution
		{94F33F31-D894-4F2E-AC01-EE64072A9262}.Debug|Any CPU.ActiveCfg = Debug|Any CPU
		{94F33F31-D894-4F2E-AC01-EE64072A9262}.Debug|Any CPU.Build.0 = Debug|Any CPU
		{94F33F31-D894-4F2E-AC01-EE64072A9262}.Release|Any CPU.ActiveCfg = Release|Any CPU
		{94F33F31-D894-4F2E-AC01-EE64072A9262}.Release|Any CPU.Build.0 = Release|Any CPU
	EndGlobalSection
	GlobalSection(SolutionProperties) = preSolution
		HideSolutionNode = FALSE
	EndGlobalSection
	GlobalSection(ExtensibilityGlobals) = postSolution
		SolutionGuid = {6C55D176-AE8B-468D-8953-4ABA460C20C2}
	EndGlobalSection
EndGlobal
